// !$*UTF8*$!
{
	archiveVersion = 1;
	classes = {
	};
	objectVersion = 46;
	objects = {

/* Begin PBXBuildFile section */
		0030B7B8188E0D0B0055AB0B /* Foundation.framework in Frameworks */ = {isa = PBXBuildFile; fileRef = 0030B7B7188E0D0B0055AB0B /* Foundation.framework */; };
		0030B7BA188E0D0B0055AB0B /* CoreGraphics.framework in Frameworks */ = {isa = PBXBuildFile; fileRef = 0030B7B9188E0D0B0055AB0B /* CoreGraphics.framework */; };
		0030B7BC188E0D0C0055AB0B /* UIKit.framework in Frameworks */ = {isa = PBXBuildFile; fileRef = 0030B7BB188E0D0C0055AB0B /* UIKit.framework */; };
		0030B7C2188E0D0C0055AB0B /* InfoPlist.strings in Resources */ = {isa = PBXBuildFile; fileRef = 0030B7C0188E0D0C0055AB0B /* InfoPlist.strings */; };
		0030B7C4188E0D0C0055AB0B /* main.m in Sources */ = {isa = PBXBuildFile; fileRef = 0030B7C3188E0D0C0055AB0B /* main.m */; };
		0030B7C8188E0D0C0055AB0B /* AppDelegate.m in Sources */ = {isa = PBXBuildFile; fileRef = 0030B7C7188E0D0C0055AB0B /* AppDelegate.m */; };
		0030B7CB188E0D0C0055AB0B /* Main.storyboard in Resources */ = {isa = PBXBuildFile; fileRef = 0030B7C9188E0D0C0055AB0B /* Main.storyboard */; };
		0030B7CE188E0D0C0055AB0B /* ViewController.m in Sources */ = {isa = PBXBuildFile; fileRef = 0030B7CD188E0D0C0055AB0B /* ViewController.m */; };
		0030B7D0188E0D0C0055AB0B /* Images.xcassets in Resources */ = {isa = PBXBuildFile; fileRef = 0030B7CF188E0D0C0055AB0B /* Images.xcassets */; };
		0030B7D7188E0D0C0055AB0B /* XCTest.framework in Frameworks */ = {isa = PBXBuildFile; fileRef = 0030B7D6188E0D0C0055AB0B /* XCTest.framework */; };
		0030B7D8188E0D0C0055AB0B /* Foundation.framework in Frameworks */ = {isa = PBXBuildFile; fileRef = 0030B7B7188E0D0B0055AB0B /* Foundation.framework */; };
		0030B7D9188E0D0C0055AB0B /* UIKit.framework in Frameworks */ = {isa = PBXBuildFile; fileRef = 0030B7BB188E0D0C0055AB0B /* UIKit.framework */; };
		0030B7E1188E0D0C0055AB0B /* InfoPlist.strings in Resources */ = {isa = PBXBuildFile; fileRef = 0030B7DF188E0D0C0055AB0B /* InfoPlist.strings */; };
		0030B7E3188E0D0C0055AB0B /* SocialConnectTests.m in Sources */ = {isa = PBXBuildFile; fileRef = 0030B7E2188E0D0C0055AB0B /* SocialConnectTests.m */; };
		0030B7ED188E0E3D0055AB0B /* image.png in Resources */ = {isa = PBXBuildFile; fileRef = 0030B7EC188E0E3D0055AB0B /* image.png */; };
/* End PBXBuildFile section */

/* Begin PBXContainerItemProxy section */
		0030B7DA188E0D0C0055AB0B /* PBXContainerItemProxy */ = {
			isa = PBXContainerItemProxy;
			containerPortal = 0030B7AC188E0D0B0055AB0B /* Project object */;
			proxyType = 1;
			remoteGlobalIDString = 0030B7B3188E0D0B0055AB0B;
			remoteInfo = SocialConnect;
		};
/* End PBXContainerItemProxy section */

/* Begin PBXFileReference section */
		0030B7B4188E0D0B0055AB0B /* SocialConnect.app */ = {isa = PBXFileReference; explicitFileType = wrapper.application; includeInIndex = 0; path = SocialConnect.app; sourceTree = BUILT_PRODUCTS_DIR; };
		0030B7B7188E0D0B0055AB0B /* Foundation.framework */ = {isa = PBXFileReference; lastKnownFileType = wrapper.framework; name = Foundation.framework; path = System/Library/Frameworks/Foundation.framework; sourceTree = SDKROOT; };
		0030B7B9188E0D0B0055AB0B /* CoreGraphics.framework */ = {isa = PBXFileReference; lastKnownFileType = wrapper.framework; name = CoreGraphics.framework; path = System/Library/Frameworks/CoreGraphics.framework; sourceTree = SDKROOT; };
		0030B7BB188E0D0C0055AB0B /* UIKit.framework */ = {isa = PBXFileReference; lastKnownFileType = wrapper.framework; name = UIKit.framework; path = System/Library/Frameworks/UIKit.framework; sourceTree = SDKROOT; };
		0030B7BF188E0D0C0055AB0B /* SocialConnect-Info.plist */ = {isa = PBXFileReference; lastKnownFileType = text.plist.xml; path = "SocialConnect-Info.plist"; sourceTree = "<group>"; };
		0030B7C1188E0D0C0055AB0B /* en */ = {isa = PBXFileReference; lastKnownFileType = text.plist.strings; name = en; path = en.lproj/InfoPlist.strings; sourceTree = "<group>"; };
		0030B7C3188E0D0C0055AB0B /* main.m */ = {isa = PBXFileReference; lastKnownFileType = sourcecode.c.objc; path = main.m; sourceTree = "<group>"; };
		0030B7C5188E0D0C0055AB0B /* SocialConnect-Prefix.pch */ = {isa = PBXFileReference; lastKnownFileType = sourcecode.c.h; path = "SocialConnect-Prefix.pch"; sourceTree = "<group>"; };
		0030B7C6188E0D0C0055AB0B /* AppDelegate.h */ = {isa = PBXFileReference; lastKnownFileType = sourcecode.c.h; path = AppDelegate.h; sourceTree = "<group>"; };
		0030B7C7188E0D0C0055AB0B /* AppDelegate.m */ = {isa = PBXFileReference; lastKnownFileType = sourcecode.c.objc; path = AppDelegate.m; sourceTree = "<group>"; };
		0030B7CA188E0D0C0055AB0B /* Base */ = {isa = PBXFileReference; lastKnownFileType = file.storyboard; name = Base; path = Base.lproj/Main.storyboard; sourceTree = "<group>"; };
		0030B7CC188E0D0C0055AB0B /* ViewController.h */ = {isa = PBXFileReference; lastKnownFileType = sourcecode.c.h; path = ViewController.h; sourceTree = "<group>"; };
		0030B7CD188E0D0C0055AB0B /* ViewController.m */ = {isa = PBXFileReference; lastKnownFileType = sourcecode.c.objc; path = ViewController.m; sourceTree = "<group>"; };
		0030B7CF188E0D0C0055AB0B /* Images.xcassets */ = {isa = PBXFileReference; lastKnownFileType = folder.assetcatalog; path = Images.xcassets; sourceTree = "<group>"; };
		0030B7D5188E0D0C0055AB0B /* SocialConnectTests.xctest */ = {isa = PBXFileReference; explicitFileType = wrapper.cfbundle; includeInIndex = 0; path = SocialConnectTests.xctest; sourceTree = BUILT_PRODUCTS_DIR; };
		0030B7D6188E0D0C0055AB0B /* XCTest.framework */ = {isa = PBXFileReference; lastKnownFileType = wrapper.framework; name = XCTest.framework; path = Library/Frameworks/XCTest.framework; sourceTree = DEVELOPER_DIR; };
		0030B7DE188E0D0C0055AB0B /* SocialConnectTests-Info.plist */ = {isa = PBXFileReference; lastKnownFileType = text.plist.xml; path = "SocialConnectTests-Info.plist"; sourceTree = "<group>"; };
		0030B7E0188E0D0C0055AB0B /* en */ = {isa = PBXFileReference; lastKnownFileType = text.plist.strings; name = en; path = en.lproj/InfoPlist.strings; sourceTree = "<group>"; };
		0030B7E2188E0D0C0055AB0B /* SocialConnectTests.m */ = {isa = PBXFileReference; lastKnownFileType = sourcecode.c.objc; path = SocialConnectTests.m; sourceTree = "<group>"; };
		0030B7EC188E0E3D0055AB0B /* image.png */ = {isa = PBXFileReference; lastKnownFileType = image.png; path = image.png; sourceTree = "<group>"; };
/* End PBXFileReference section */

/* Begin PBXFrameworksBuildPhase section */
		0030B7B1188E0D0B0055AB0B /* Frameworks */ = {
			isa = PBXFrameworksBuildPhase;
			buildActionMask = 2147483647;
			files = (
				0030B7BA188E0D0B0055AB0B /* CoreGraphics.framework in Frameworks */,
				0030B7BC188E0D0C0055AB0B /* UIKit.framework in Frameworks */,
				0030B7B8188E0D0B0055AB0B /* Foundation.framework in Frameworks */,
			);
			runOnlyForDeploymentPostprocessing = 0;
		};
		0030B7D2188E0D0C0055AB0B /* Frameworks */ = {
			isa = PBXFrameworksBuildPhase;
			buildActionMask = 2147483647;
			files = (
				0030B7D7188E0D0C0055AB0B /* XCTest.framework in Frameworks */,
				0030B7D9188E0D0C0055AB0B /* UIKit.framework in Frameworks */,
				0030B7D8188E0D0C0055AB0B /* Foundation.framework in Frameworks */,
			);
			runOnlyForDeploymentPostprocessing = 0;
		};
/* End PBXFrameworksBuildPhase section */

/* Begin PBXGroup section */
		0030B7AB188E0D0B0055AB0B = {
			isa = PBXGroup;
			children = (
				0030B7BD188E0D0C0055AB0B /* SocialConnect */,
				0030B7DC188E0D0C0055AB0B /* SocialConnectTests */,
				0030B7B6188E0D0B0055AB0B /* Frameworks */,
				0030B7B5188E0D0B0055AB0B /* Products */,
			);
			sourceTree = "<group>";
		};
		0030B7B5188E0D0B0055AB0B /* Products */ = {
			isa = PBXGroup;
			children = (
				0030B7B4188E0D0B0055AB0B /* SocialConnect.app */,
				0030B7D5188E0D0C0055AB0B /* SocialConnectTests.xctest */,
			);
			name = Products;
			sourceTree = "<group>";
		};
		0030B7B6188E0D0B0055AB0B /* Frameworks */ = {
			isa = PBXGroup;
			children = (
				0030B7B7188E0D0B0055AB0B /* Foundation.framework */,
				0030B7B9188E0D0B0055AB0B /* CoreGraphics.framework */,
				0030B7BB188E0D0C0055AB0B /* UIKit.framework */,
				0030B7D6188E0D0C0055AB0B /* XCTest.framework */,
			);
			name = Frameworks;
			sourceTree = "<group>";
		};
		0030B7BD188E0D0C0055AB0B /* SocialConnect */ = {
			isa = PBXGroup;
			children = (
				0030B7EC188E0E3D0055AB0B /* image.png */,
				0030B7C6188E0D0C0055AB0B /* AppDelegate.h */,
				0030B7C7188E0D0C0055AB0B /* AppDelegate.m */,
				0030B7C9188E0D0C0055AB0B /* Main.storyboard */,
				0030B7CC188E0D0C0055AB0B /* ViewController.h */,
				0030B7CD188E0D0C0055AB0B /* ViewController.m */,
				0030B7CF188E0D0C0055AB0B /* Images.xcassets */,
				0030B7BE188E0D0C0055AB0B /* Supporting Files */,
			);
			path = SocialConnect;
			sourceTree = "<group>";
		};
		0030B7BE188E0D0C0055AB0B /* Supporting Files */ = {
			isa = PBXGroup;
			children = (
				0030B7BF188E0D0C0055AB0B /* SocialConnect-Info.plist */,
				0030B7C0188E0D0C0055AB0B /* InfoPlist.strings */,
				0030B7C3188E0D0C0055AB0B /* main.m */,
				0030B7C5188E0D0C0055AB0B /* SocialConnect-Prefix.pch */,
			);
			name = "Supporting Files";
			sourceTree = "<group>";
		};
		0030B7DC188E0D0C0055AB0B /* SocialConnectTests */ = {
			isa = PBXGroup;
			children = (
				0030B7E2188E0D0C0055AB0B /* SocialConnectTests.m */,
				0030B7DD188E0D0C0055AB0B /* Supporting Files */,
			);
			path = SocialConnectTests;
			sourceTree = "<group>";
		};
		0030B7DD188E0D0C0055AB0B /* Supporting Files */ = {
			isa = PBXGroup;
			children = (
				0030B7DE188E0D0C0055AB0B /* SocialConnectTests-Info.plist */,
				0030B7DF188E0D0C0055AB0B /* InfoPlist.strings */,
			);
			name = "Supporting Files";
			sourceTree = "<group>";
		};
/* End PBXGroup section */

/* Begin PBXNativeTarget section */
		0030B7B3188E0D0B0055AB0B /* SocialConnect */ = {
			isa = PBXNativeTarget;
			buildConfigurationList = 0030B7E6188E0D0C0055AB0B /* Build configuration list for PBXNativeTarget "SocialConnect" */;
			buildPhases = (
				0030B7B0188E0D0B0055AB0B /* Sources */,
				0030B7B1188E0D0B0055AB0B /* Frameworks */,
				0030B7B2188E0D0B0055AB0B /* Resources */,
			);
			buildRules = (
			);
			dependencies = (
			);
			name = SocialConnect;
			productName = SocialConnect;
			productReference = 0030B7B4188E0D0B0055AB0B /* SocialConnect.app */;
			productType = "com.apple.product-type.application";
		};
		0030B7D4188E0D0C0055AB0B /* SocialConnectTests */ = {
			isa = PBXNativeTarget;
			buildConfigurationList = 0030B7E9188E0D0C0055AB0B /* Build configuration list for PBXNativeTarget "SocialConnectTests" */;
			buildPhases = (
				0030B7D1188E0D0C0055AB0B /* Sources */,
				0030B7D2188E0D0C0055AB0B /* Frameworks */,
				0030B7D3188E0D0C0055AB0B /* Resources */,
			);
			buildRules = (
			);
			dependencies = (
				0030B7DB188E0D0C0055AB0B /* PBXTargetDependency */,
			);
			name = SocialConnectTests;
			productName = SocialConnectTests;
			productReference = 0030B7D5188E0D0C0055AB0B /* SocialConnectTests.xctest */;
			productType = "com.apple.product-type.bundle.unit-test";
		};
/* End PBXNativeTarget section */

/* Begin PBXProject section */
		0030B7AC188E0D0B0055AB0B /* Project object */ = {
			isa = PBXProject;
			attributes = {
				LastUpgradeCheck = 0500;
				ORGANIZATIONNAME = "SDT-1";
				TargetAttributes = {
					0030B7D4188E0D0C0055AB0B = {
						TestTargetID = 0030B7B3188E0D0B0055AB0B;
					};
				};
			};
			buildConfigurationList = 0030B7AF188E0D0B0055AB0B /* Build configuration list for PBXProject "SocialConnect" */;
			compatibilityVersion = "Xcode 3.2";
			developmentRegion = English;
			hasScannedForEncodings = 0;
			knownRegions = (
				en,
				Base,
			);
			mainGroup = 0030B7AB188E0D0B0055AB0B;
			productRefGroup = 0030B7B5188E0D0B0055AB0B /* Products */;
			projectDirPath = "";
			projectRoot = "";
			targets = (
				0030B7B3188E0D0B0055AB0B /* SocialConnect */,
				0030B7D4188E0D0C0055AB0B /* SocialConnectTests */,
			);
		};
/* End PBXProject section */

/* Begin PBXResourcesBuildPhase section */
		0030B7B2188E0D0B0055AB0B /* Resources */ = {
			isa = PBXResourcesBuildPhase;
			buildActionMask = 2147483647;
			files = (
				0030B7D0188E0D0C0055AB0B /* Images.xcassets in Resources */,
				0030B7ED188E0E3D0055AB0B /* image.png in Resources */,
				0030B7C2188E0D0C0055AB0B /* InfoPlist.strings in Resources */,
				0030B7CB188E0D0C0055AB0B /* Main.storyboard in Resources */,
			);
			runOnlyForDeploymentPostprocessing = 0;
		};
		0030B7D3188E0D0C0055AB0B /* Resources */ = {
			isa = PBXResourcesBuildPhase;
			buildActionMask = 2147483647;
			files = (
				0030B7E1188E0D0C0055AB0B /* InfoPlist.strings in Resources */,
			);
			runOnlyForDeploymentPostprocessing = 0;
		};
/* End PBXResourcesBuildPhase section */

/* Begin PBXSourcesBuildPhase section */
		0030B7B0188E0D0B0055AB0B /* Sources */ = {
			isa = PBXSourcesBuildPhase;
			buildActionMask = 2147483647;
			files = (
				0030B7CE188E0D0C0055AB0B /* ViewController.m in Sources */,
				0030B7C8188E0D0C0055AB0B /* AppDelegate.m in Sources */,
				0030B7C4188E0D0C0055AB0B /* main.m in Sources */,
			);
			runOnlyForDeploymentPostprocessing = 0;
		};
		0030B7D1188E0D0C0055AB0B /* Sources */ = {
			isa = PBXSourcesBuildPhase;
			buildActionMask = 2147483647;
			files = (
				0030B7E3188E0D0C0055AB0B /* SocialConnectTests.m in Sources */,
			);
			runOnlyForDeploymentPostprocessing = 0;
		};
/* End PBXSourcesBuildPhase section */

/* Begin PBXTargetDependency section */
		0030B7DB188E0D0C0055AB0B /* PBXTargetDependency */ = {
			isa = PBXTargetDependency;
			target = 0030B7B3188E0D0B0055AB0B /* SocialConnect */;
			targetProxy = 0030B7DA188E0D0C0055AB0B /* PBXContainerItemProxy */;
		};
/* End PBXTargetDependency section */

/* Begin PBXVariantGroup section */
		0030B7C0188E0D0C0055AB0B /* InfoPlist.strings */ = {
			isa = PBXVariantGroup;
			children = (
				0030B7C1188E0D0C0055AB0B /* en */,
			);
			name = InfoPlist.strings;
			sourceTree = "<group>";
		};
		0030B7C9188E0D0C0055AB0B /* Main.storyboard */ = {
			isa = PBXVariantGroup;
			children = (
				0030B7CA188E0D0C0055AB0B /* Base */,
			);
			name = Main.storyboard;
			sourceTree = "<group>";
		};
		0030B7DF188E0D0C0055AB0B /* InfoPlist.strings */ = {
			isa = PBXVariantGroup;
			children = (
				0030B7E0188E0D0C0055AB0B /* en */,
			);
			name = InfoPlist.strings;
			sourceTree = "<group>";
		};
/* End PBXVariantGroup section */

/* Begin XCBuildConfiguration section */
		0030B7E4188E0D0C0055AB0B /* Debug */ = {
			isa = XCBuildConfiguration;
			buildSettings = {
				ALWAYS_SEARCH_USER_PATHS = NO;
				ARCHS = "$(ARCHS_STANDARD_INCLUDING_64_BIT)";
				CLANG_CXX_LANGUAGE_STANDARD = "gnu++0x";
				CLANG_CXX_LIBRARY = "libc++";
				CLANG_ENABLE_MODULES = YES;
				CLANG_ENABLE_OBJC_ARC = YES;
				CLANG_WARN_BOOL_CONVERSION = YES;
				CLANG_WARN_CONSTANT_CONVERSION = YES;
				CLANG_WARN_DIRECT_OBJC_ISA_USAGE = YES_ERROR;
				CLANG_WARN_EMPTY_BODY = YES;
				CLANG_WARN_ENUM_CONVERSION = YES;
				CLANG_WARN_INT_CONVERSION = YES;
				CLANG_WARN_OBJC_ROOT_CLASS = YES_ERROR;
				CLANG_WARN__DUPLICATE_METHOD_MATCH = YES;
				"CODE_SIGN_IDENTITY[sdk=iphoneos*]" = "iPhone Developer";
				COPY_PHASE_STRIP = NO;
				GCC_C_LANGUAGE_STANDARD = gnu99;
				GCC_DYNAMIC_NO_PIC = NO;
				GCC_OPTIMIZATION_LEVEL = 0;
				GCC_PREPROCESSOR_DEFINITIONS = (
					"DEBUG=1",
					"$(inherited)",
				);
				GCC_SYMBOLS_PRIVATE_EXTERN = NO;
				GCC_WARN_64_TO_32_BIT_CONVERSION = YES;
				GCC_WARN_ABOUT_RETURN_TYPE = YES_ERROR;
				GCC_WARN_UNDECLARED_SELECTOR = YES;
				GCC_WARN_UNINITIALIZED_AUTOS = YES;
				GCC_WARN_UNUSED_FUNCTION = YES;
				GCC_WARN_UNUSED_VARIABLE = YES;
				IPHONEOS_DEPLOYMENT_TARGET = 7.0;
				ONLY_ACTIVE_ARCH = YES;
				SDKROOT = iphoneos;
			};
			name = Debug;
		};
		0030B7E5188E0D0C0055AB0B /* Release */ = {
			isa = XCBuildConfiguration;
			buildSettings = {
				ALWAYS_SEARCH_USER_PATHS = NO;
				ARCHS = "$(ARCHS_STANDARD_INCLUDING_64_BIT)";
				CLANG_CXX_LANGUAGE_STANDARD = "gnu++0x";
				CLANG_CXX_LIBRARY = "libc++";
				CLANG_ENABLE_MODULES = YES;
				CLANG_ENABLE_OBJC_ARC = YES;
				CLANG_WARN_BOOL_CONVERSION = YES;
				CLANG_WARN_CONSTANT_CONVERSION = YES;
				CLANG_WARN_DIRECT_OBJC_ISA_USAGE = YES_ERROR;
				CLANG_WARN_EMPTY_BODY = YES;
				CLANG_WARN_ENUM_CONVERSION = YES;
				CLANG_WARN_INT_CONVERSION = YES;
				CLANG_WARN_OBJC_ROOT_CLASS = YES_ERROR;
				CLANG_WARN__DUPLICATE_METHOD_MATCH = YES;
				"CODE_SIGN_IDENTITY[sdk=iphoneos*]" = "iPhone Developer";
				COPY_PHASE_STRIP = YES;
				ENABLE_NS_ASSERTIONS = NO;
				GCC_C_LANGUAGE_STANDARD = gnu99;
				GCC_WARN_64_TO_32_BIT_CONVERSION = YES;
				GCC_WARN_ABOUT_RETURN_TYPE = YES_ERROR;
				GCC_WARN_UNDECLARED_SELECTOR = YES;
				GCC_WARN_UNINITIALIZED_AUTOS = YES;
				GCC_WARN_UNUSED_FUNCTION = YES;
				GCC_WARN_UNUSED_VARIABLE = YES;
				IPHONEOS_DEPLOYMENT_TARGET = 7.0;
				SDKROOT = iphoneos;
				VALIDATE_PRODUCT = YES;
			};
			name = Release;
		};
		0030B7E7188E0D0C0055AB0B /* Debug */ = {
			isa = XCBuildConfiguration;
			buildSettings = {
				ASSETCATALOG_COMPILER_APPICON_NAME = AppIcon;
				ASSETCATALOG_COMPILER_LAUNCHIMAGE_NAME = LaunchImage;
				GCC_PRECOMPILE_PREFIX_HEADER = YES;
				GCC_PREFIX_HEADER = "SocialConnect/SocialConnect-Prefix.pch";
				INFOPLIST_FILE = "SocialConnect/SocialConnect-Info.plist";
				PRODUCT_NAME = "$(TARGET_NAME)";
				WRAPPER_EXTENSION = app;
			};
			name = Debug;
		};
		0030B7E8188E0D0C0055AB0B /* Release */ = {
			isa = XCBuildConfiguration;
			buildSettings = {
				ASSETCATALOG_COMPILER_APPICON_NAME = AppIcon;
				ASSETCATALOG_COMPILER_LAUNCHIMAGE_NAME = LaunchImage;
				GCC_PRECOMPILE_PREFIX_HEADER = YES;
				GCC_PREFIX_HEADER = "SocialConnect/SocialConnect-Prefix.pch";
				INFOPLIST_FILE = "SocialConnect/SocialConnect-Info.plist";
				PRODUCT_NAME = "$(TARGET_NAME)";
				WRAPPER_EXTENSION = app;
			};
			name = Release;
		};
		0030B7EA188E0D0C0055AB0B /* Debug */ = {
			isa = XCBuildConfiguration;
			buildSettings = {
				ARCHS = "$(ARCHS_STANDARD_INCLUDING_64_BIT)";
				BUNDLE_LOADER = "$(BUILT_PRODUCTS_DIR)/SocialConnect.app/SocialConnect";
				FRAMEWORK_SEARCH_PATHS = (
					"$(SDKROOT)/Developer/Library/Frameworks",
					"$(inherited)",
					"$(DEVELOPER_FRAMEWORKS_DIR)",
				);
				GCC_PRECOMPILE_PREFIX_HEADER = YES;
				GCC_PREFIX_HEADER = "SocialConnect/SocialConnect-Prefix.pch";
				GCC_PREPROCESSOR_DEFINITIONS = (
					"DEBUG=1",
					"$(inherited)",
				);
				INFOPLIST_FILE = "SocialConnectTests/SocialConnectTests-Info.plist";
				PRODUCT_NAME = "$(TARGET_NAME)";
				TEST_HOST = "$(BUNDLE_LOADER)";
				WRAPPER_EXTENSION = xctest;
			};
			name = Debug;
		};
		0030B7EB188E0D0C0055AB0B /* Release */ = {
			isa = XCBuildConfiguration;
			buildSettings = {
				ARCHS = "$(ARCHS_STANDARD_INCLUDING_64_BIT)";
				BUNDLE_LOADER = "$(BUILT_PRODUCTS_DIR)/SocialConnect.app/SocialConnect";
				FRAMEWORK_SEARCH_PATHS = (
					"$(SDKROOT)/Developer/Library/Frameworks",
					"$(inherited)",
					"$(DEVELOPER_FRAMEWORKS_DIR)",
				);
				GCC_PRECOMPILE_PREFIX_HEADER = YES;
				GCC_PREFIX_HEADER = "SocialConnect/SocialConnect-Prefix.pch";
				INFOPLIST_FILE = "SocialConnectTests/SocialConnectTests-Info.plist";
				PRODUCT_NAME = "$(TARGET_NAME)";
				TEST_HOST = "$(BUNDLE_LOADER)";
				WRAPPER_EXTENSION = xctest;
			};
			name = Release;
		};
/* End XCBuildConfiguration section */

/* Begin XCConfigurationList section */
		0030B7AF188E0D0B0055AB0B /* Build configuration list for PBXProject "SocialConnect" */ = {
			isa = XCConfigurationList;
			buildConfigurations = (
				0030B7E4188E0D0C0055AB0B /* Debug */,
				0030B7E5188E0D0C0055AB0B /* Release */,
			);
			defaultConfigurationIsVisible = 0;
			defaultConfigurationName = Release;
		};
		0030B7E6188E0D0C0055AB0B /* Build configuration list for PBXNativeTarget "SocialConnect" */ = {
			isa = XCConfigurationList;
			buildConfigurations = (
				0030B7E7188E0D0C0055AB0B /* Debug */,
				0030B7E8188E0D0C0055AB0B /* Release */,
			);
			defaultConfigurationIsVisible = 0;
		};
		0030B7E9188E0D0C0055AB0B /* Build configuration list for PBXNativeTarget "SocialConnectTests" */ = {
			isa = XCConfigurationList;
			buildConfigurations = (
				0030B7EA188E0D0C0055AB0B /* Debug */,
				0030B7EB188E0D0C0055AB0B /* Release */,
			);
			defaultConfigurationIsVisible = 0;
		};
/* End XCConfigurationList section */
	};
	rootObject = 0030B7AC188E0D0B0055AB0B /* Project object */;
}
